
Microsoft Visual Studio Solution File, Format Version 12.00
# Visual Studio Version 16
VisualStudioVersion = 16.0.29728.190
MinimumVisualStudioVersion = 10.0.40219.1
Project("{FAE04EC0-301F-11D3-BF4B-00C04F79EFBC}") = "ContosoUniversity", "ContosoUniversity\ContosoUniversity.csproj", "{289E4A13-568D-45C4-BB86-D64684FC0EBD}"
EndProject
Global
	GlobalSection(SolutionConfigurationPlatforms) = preSolution
		Debug|Any CPU = Debug|Any CPU
		Release|Any CPU = Release|Any CPU
	EndGlobalSection
	GlobalSection(ProjectConfigurationPlatforms) = postSolution
		{289E4A13-568D-45C4-BB86-D64684FC0EBD}.Debug|Any CPU.ActiveCfg = Debug|Any CPU
		{289E4A13-568D-45C4-BB86-D64684FC0EBD}.Debug|Any CPU.Build.0 = Debug|Any CPU
		{289E4A13-568D-45C4-BB86-D64684FC0EBD}.Release|Any CPU.ActiveCfg = Release|Any CPU
		{289E4A13-568D-45C4-BB86-D64684FC0EBD}.Release|Any CPU.Build.0 = Release|Any CPU
	EndGlobalSection
	GlobalSection(SolutionProperties) = preSolution
		HideSolutionNode = FALSE
	EndGlobalSection
	GlobalSection(ExtensibilityGlobals) = postSolution
		SolutionGuid = {3C5529FC-5DFD-41F2-9609-57DE6E6EAF06}
	EndGlobalSection
EndGlobal
